
Microsoft Visual Studio Solution File, Format Version 12.00
# Visual Studio Version 17
VisualStudioVersion = 17.10.35027.167
MinimumVisualStudioVersion = 10.0.40219.1
Project("{FAE04EC0-301F-11D3-BF4B-00C04F79EFBC}") = "formuli", "formuli\formuli.csproj", "{CDB607A0-CF66-40E6-9507-1F7970A96420}"
EndProject
Global
	GlobalSection(SolutionConfigurationPlatforms) = preSolution
		Debug|Any CPU = Debug|Any CPU
		Release|Any CPU = Release|Any CPU
	EndGlobalSection
	GlobalSection(ProjectConfigurationPlatforms) = postSolution
		{CDB607A0-CF66-40E6-9507-1F7970A96420}.Debug|Any CPU.ActiveCfg = Debug|Any CPU
		{CDB607A0-CF66-40E6-9507-1F7970A96420}.Debug|Any CPU.Build.0 = Debug|Any CPU
		{CDB607A0-CF66-40E6-9507-1F7970A96420}.Release|Any CPU.ActiveCfg = Release|Any CPU
		{CDB607A0-CF66-40E6-9507-1F7970A96420}.Release|Any CPU.Build.0 = Release|Any CPU
	EndGlobalSection
	GlobalSection(SolutionProperties) = preSolution
		HideSolutionNode = FALSE
	EndGlobalSection
	GlobalSection(ExtensibilityGlobals) = postSolution
		SolutionGuid = {6277175F-10FD-4AED-A137-1E1117497240}
	EndGlobalSection
EndGlobal
