
Microsoft Visual Studio Solution File, Format Version 12.00
# Visual Studio Version 17
VisualStudioVersion = 17.12.35506.116 d17.12
MinimumVisualStudioVersion = 10.0.40219.1
Project("{FAE04EC0-301F-11D3-BF4B-00C04F79EFBC}") = "upr cikul", "upr cikul.csproj", "{A5108EB8-A38A-492F-955E-24E1ABA944FE}"
EndProject
Project("{FAE04EC0-301F-11D3-BF4B-00C04F79EFBC}") = "prez cikul", "..\prez cikul\prez cikul.csproj", "{904CC4E6-718E-400E-9A43-AF851267DE55}"
EndProject
Global
	GlobalSection(SolutionConfigurationPlatforms) = preSolution
		Debug|Any CPU = Debug|Any CPU
		Release|Any CPU = Release|Any CPU
	EndGlobalSection
	GlobalSection(ProjectConfigurationPlatforms) = postSolution
		{A5108EB8-A38A-492F-955E-24E1ABA944FE}.Debug|Any CPU.ActiveCfg = Debug|Any CPU
		{A5108EB8-A38A-492F-955E-24E1ABA944FE}.Debug|Any CPU.Build.0 = Debug|Any CPU
		{A5108EB8-A38A-492F-955E-24E1ABA944FE}.Release|Any CPU.ActiveCfg = Release|Any CPU
		{A5108EB8-A38A-492F-955E-24E1ABA944FE}.Release|Any CPU.Build.0 = Release|Any CPU
		{904CC4E6-718E-400E-9A43-AF851267DE55}.Debug|Any CPU.ActiveCfg = Debug|Any CPU
		{904CC4E6-718E-400E-9A43-AF851267DE55}.Debug|Any CPU.Build.0 = Debug|Any CPU
		{904CC4E6-718E-400E-9A43-AF851267DE55}.Release|Any CPU.ActiveCfg = Release|Any CPU
		{904CC4E6-718E-400E-9A43-AF851267DE55}.Release|Any CPU.Build.0 = Release|Any CPU
	EndGlobalSection
	GlobalSection(SolutionProperties) = preSolution
		HideSolutionNode = FALSE
	EndGlobalSection
EndGlobal
